# This file is automatically @generated by Cargo.
# It is not intended for manual editing.
version = 4

[[package]]
name = "crop"
version = "0.4.3"
source = "registry+https://github.com/rust-lang/crates.io-index"
checksum = "2fa28d21af9044d49bcfb1eceddeeb9fadc6a17207c6a1bf0d841ef0bd9ad36e"
dependencies = [
 "str_indices",
]

[[package]]
name = "neko-core"
version = "0.1.0"
dependencies = [
 "crop",
]

[[package]]
name = "str_indices"
version = "0.4.4"
source = "registry+https://github.com/rust-lang/crates.io-index"
checksum = "d08889ec5408683408db66ad89e0e1f93dff55c73a4ccc71c427d5b277ee47e6"
